
Microsoft Visual Studio Solution File, Format Version 12.00
# Visual Studio 15
VisualStudioVersion = 15.0.27703.2042
MinimumVisualStudioVersion = 10.0.40219.1
Project("{9A19103F-16F7-4668-BE54-9A1E7A4F7556}") = "UI", "UI\UI.csproj", "{BD3B84B3-D715-4A8D-97AB-312E3BE5E2D5}"
EndProject
Project("{9A19103F-16F7-4668-BE54-9A1E7A4F7556}") = "Tests", "Tests\Tests.csproj", "{B7DA3302-05BA-464E-9B60-E45A15B80E99}"
	ProjectSection(ProjectDependencies) = postProject
		{BD3B84B3-D715-4A8D-97AB-312E3BE5E2D5} = {BD3B84B3-D715-4A8D-97AB-312E3BE5E2D5}
	EndProjectSection
EndProject
Project("{9A19103F-16F7-4668-BE54-9A1E7A4F7556}") = "DISetup", "DISetup\DISetup.csproj", "{8B1133D5-30F2-4FAE-8C3F-3D729077E6D8}"
EndProject
Project("{9A19103F-16F7-4668-BE54-9A1E7A4F7556}") = "Interfaces", "Interfaces\Interfaces.csproj", "{B611FD6A-DED7-4777-BA40-C812FABF9542}"
EndProject
Project("{9A19103F-16F7-4668-BE54-9A1E7A4F7556}") = "Concrete", "Concrete\Concrete.csproj", "{DC21B433-A145-4441-B559-40F289923D90}"
EndProject
Global
	GlobalSection(SolutionConfigurationPlatforms) = preSolution
		Debug|Any CPU = Debug|Any CPU
		Release|Any CPU = Release|Any CPU
	EndGlobalSection
	GlobalSection(ProjectConfigurationPlatforms) = postSolution
		{BD3B84B3-D715-4A8D-97AB-312E3BE5E2D5}.Debug|Any CPU.ActiveCfg = Debug|Any CPU
		{BD3B84B3-D715-4A8D-97AB-312E3BE5E2D5}.Debug|Any CPU.Build.0 = Debug|Any CPU
		{BD3B84B3-D715-4A8D-97AB-312E3BE5E2D5}.Release|Any CPU.ActiveCfg = Release|Any CPU
		{BD3B84B3-D715-4A8D-97AB-312E3BE5E2D5}.Release|Any CPU.Build.0 = Release|Any CPU
		{B7DA3302-05BA-464E-9B60-E45A15B80E99}.Debug|Any CPU.ActiveCfg = Debug|Any CPU
		{B7DA3302-05BA-464E-9B60-E45A15B80E99}.Debug|Any CPU.Build.0 = Debug|Any CPU
		{B7DA3302-05BA-464E-9B60-E45A15B80E99}.Release|Any CPU.ActiveCfg = Release|Any CPU
		{B7DA3302-05BA-464E-9B60-E45A15B80E99}.Release|Any CPU.Build.0 = Release|Any CPU
		{8B1133D5-30F2-4FAE-8C3F-3D729077E6D8}.Debug|Any CPU.ActiveCfg = Debug|Any CPU
		{8B1133D5-30F2-4FAE-8C3F-3D729077E6D8}.Debug|Any CPU.Build.0 = Debug|Any CPU
		{8B1133D5-30F2-4FAE-8C3F-3D729077E6D8}.Release|Any CPU.ActiveCfg = Release|Any CPU
		{8B1133D5-30F2-4FAE-8C3F-3D729077E6D8}.Release|Any CPU.Build.0 = Release|Any CPU
		{B611FD6A-DED7-4777-BA40-C812FABF9542}.Debug|Any CPU.ActiveCfg = Debug|Any CPU
		{B611FD6A-DED7-4777-BA40-C812FABF9542}.Debug|Any CPU.Build.0 = Debug|Any CPU
		{B611FD6A-DED7-4777-BA40-C812FABF9542}.Release|Any CPU.ActiveCfg = Release|Any CPU
		{B611FD6A-DED7-4777-BA40-C812FABF9542}.Release|Any CPU.Build.0 = Release|Any CPU
		{DC21B433-A145-4441-B559-40F289923D90}.Debug|Any CPU.ActiveCfg = Debug|Any CPU
		{DC21B433-A145-4441-B559-40F289923D90}.Debug|Any CPU.Build.0 = Debug|Any CPU
		{DC21B433-A145-4441-B559-40F289923D90}.Release|Any CPU.ActiveCfg = Release|Any CPU
		{DC21B433-A145-4441-B559-40F289923D90}.Release|Any CPU.Build.0 = Release|Any CPU
	EndGlobalSection
	GlobalSection(SolutionProperties) = preSolution
		HideSolutionNode = FALSE
	EndGlobalSection
	GlobalSection(ExtensibilityGlobals) = postSolution
		SolutionGuid = {39D188DE-E708-4808-B593-29ACB4A19695}
	EndGlobalSection
EndGlobal
