
Microsoft Visual Studio Solution File, Format Version 12.00
# Visual Studio 15
VisualStudioVersion = 15.0.27703.2042
MinimumVisualStudioVersion = 10.0.40219.1
Project("{FAE04EC0-301F-11D3-BF4B-00C04F79EFBC}") = "UI", "UI\UI.csproj", "{BD3B84B3-D715-4A8D-97AB-312E3BE5E2D5}"
	ProjectSection(ProjectDependencies) = postProject
		{17F28601-B0DC-48E5-A1C5-BE25D32F3759} = {17F28601-B0DC-48E5-A1C5-BE25D32F3759}
	EndProjectSection
EndProject
Project("{FAE04EC0-301F-11D3-BF4B-00C04F79EFBC}") = "Tests", "Tests\Tests.csproj", "{B7DA3302-05BA-464E-9B60-E45A15B80E99}"
	ProjectSection(ProjectDependencies) = postProject
		{BD3B84B3-D715-4A8D-97AB-312E3BE5E2D5} = {BD3B84B3-D715-4A8D-97AB-312E3BE5E2D5}
	EndProjectSection
EndProject
Project("{FAE04EC0-301F-11D3-BF4B-00C04F79EFBC}") = "Contracts", "Contracts\Contracts.csproj", "{17F28601-B0DC-48E5-A1C5-BE25D32F3759}"
EndProject
Project("{FAE04EC0-301F-11D3-BF4B-00C04F79EFBC}") = "DefaultContractImplementation", "DefaultContractImplementation\DefaultContractImplementation.csproj", "{4E7A79C5-5E47-4123-A5F4-B8C39907F145}"
	ProjectSection(ProjectDependencies) = postProject
		{17F28601-B0DC-48E5-A1C5-BE25D32F3759} = {17F28601-B0DC-48E5-A1C5-BE25D32F3759}
	EndProjectSection
EndProject
Global
	GlobalSection(SolutionConfigurationPlatforms) = preSolution
		Debug|Any CPU = Debug|Any CPU
		Release|Any CPU = Release|Any CPU
	EndGlobalSection
	GlobalSection(ProjectConfigurationPlatforms) = postSolution
		{BD3B84B3-D715-4A8D-97AB-312E3BE5E2D5}.Debug|Any CPU.ActiveCfg = Debug|Any CPU
		{BD3B84B3-D715-4A8D-97AB-312E3BE5E2D5}.Debug|Any CPU.Build.0 = Debug|Any CPU
		{BD3B84B3-D715-4A8D-97AB-312E3BE5E2D5}.Release|Any CPU.ActiveCfg = Release|Any CPU
		{BD3B84B3-D715-4A8D-97AB-312E3BE5E2D5}.Release|Any CPU.Build.0 = Release|Any CPU
		{B7DA3302-05BA-464E-9B60-E45A15B80E99}.Debug|Any CPU.ActiveCfg = Debug|Any CPU
		{B7DA3302-05BA-464E-9B60-E45A15B80E99}.Debug|Any CPU.Build.0 = Debug|Any CPU
		{B7DA3302-05BA-464E-9B60-E45A15B80E99}.Release|Any CPU.ActiveCfg = Release|Any CPU
		{B7DA3302-05BA-464E-9B60-E45A15B80E99}.Release|Any CPU.Build.0 = Release|Any CPU
		{17F28601-B0DC-48E5-A1C5-BE25D32F3759}.Debug|Any CPU.ActiveCfg = Debug|Any CPU
		{17F28601-B0DC-48E5-A1C5-BE25D32F3759}.Debug|Any CPU.Build.0 = Debug|Any CPU
		{17F28601-B0DC-48E5-A1C5-BE25D32F3759}.Release|Any CPU.ActiveCfg = Release|Any CPU
		{17F28601-B0DC-48E5-A1C5-BE25D32F3759}.Release|Any CPU.Build.0 = Release|Any CPU
		{4E7A79C5-5E47-4123-A5F4-B8C39907F145}.Debug|Any CPU.ActiveCfg = Debug|Any CPU
		{4E7A79C5-5E47-4123-A5F4-B8C39907F145}.Debug|Any CPU.Build.0 = Debug|Any CPU
		{4E7A79C5-5E47-4123-A5F4-B8C39907F145}.Release|Any CPU.ActiveCfg = Release|Any CPU
		{4E7A79C5-5E47-4123-A5F4-B8C39907F145}.Release|Any CPU.Build.0 = Release|Any CPU
	EndGlobalSection
	GlobalSection(SolutionProperties) = preSolution
		HideSolutionNode = FALSE
	EndGlobalSection
	GlobalSection(ExtensibilityGlobals) = postSolution
		SolutionGuid = {39D188DE-E708-4808-B593-29ACB4A19695}
	EndGlobalSection
EndGlobal
